// !$*UTF8*$!
{
	archiveVersion = 1;
	classes = {
	};
	objectVersion = 46;
	objects = {

/* Begin PBXBuildFile section */
		1406E717196B751100042DF8 /* Foundation.framework in Frameworks */ = {isa = PBXBuildFile; fileRef = 1406E716196B751100042DF8 /* Foundation.framework */; };
		1406E719196B751100042DF8 /* CoreGraphics.framework in Frameworks */ = {isa = PBXBuildFile; fileRef = 1406E718196B751100042DF8 /* CoreGraphics.framework */; };
		1406E71B196B751100042DF8 /* UIKit.framework in Frameworks */ = {isa = PBXBuildFile; fileRef = 1406E71A196B751100042DF8 /* UIKit.framework */; };
		1406E721196B751100042DF8 /* InfoPlist.strings in Resources */ = {isa = PBXBuildFile; fileRef = 1406E71F196B751100042DF8 /* InfoPlist.strings */; };
		1406E723196B751100042DF8 /* main.m in Sources */ = {isa = PBXBuildFile; fileRef = 1406E722196B751100042DF8 /* main.m */; };
		1406E727196B751100042DF8 /* AppDelegate.m in Sources */ = {isa = PBXBuildFile; fileRef = 1406E726196B751100042DF8 /* AppDelegate.m */; };
		1406E72A196B751100042DF8 /* Main.storyboard in Resources */ = {isa = PBXBuildFile; fileRef = 1406E728196B751100042DF8 /* Main.storyboard */; };
		1406E72D196B751100042DF8 /* FirstViewController.m in Sources */ = {isa = PBXBuildFile; fileRef = 1406E72C196B751100042DF8 /* FirstViewController.m */; };
		1406E730196B751100042DF8 /* SecondViewController.m in Sources */ = {isa = PBXBuildFile; fileRef = 1406E72F196B751100042DF8 /* SecondViewController.m */; };
		1406E732196B751100042DF8 /* Images.xcassets in Resources */ = {isa = PBXBuildFile; fileRef = 1406E731196B751100042DF8 /* Images.xcassets */; };
		1406E739196B751100042DF8 /* XCTest.framework in Frameworks */ = {isa = PBXBuildFile; fileRef = 1406E738196B751100042DF8 /* XCTest.framework */; };
		1406E73A196B751100042DF8 /* Foundation.framework in Frameworks */ = {isa = PBXBuildFile; fileRef = 1406E716196B751100042DF8 /* Foundation.framework */; };
		1406E73B196B751100042DF8 /* UIKit.framework in Frameworks */ = {isa = PBXBuildFile; fileRef = 1406E71A196B751100042DF8 /* UIKit.framework */; };
		1406E743196B751100042DF8 /* InfoPlist.strings in Resources */ = {isa = PBXBuildFile; fileRef = 1406E741196B751100042DF8 /* InfoPlist.strings */; };
		1406E745196B751100042DF8 /* wotwTests.m in Sources */ = {isa = PBXBuildFile; fileRef = 1406E744196B751100042DF8 /* wotwTests.m */; };
		1406E753196B778000042DF8 /* brickwall.png in Resources */ = {isa = PBXBuildFile; fileRef = 1406E74F196B778000042DF8 /* brickwall.png */; };
		1406E754196B778000042DF8 /* defaultMapButton.png in Resources */ = {isa = PBXBuildFile; fileRef = 1406E750196B778000042DF8 /* defaultMapButton.png */; };
		1406E755196B778000042DF8 /* Icon.png in Resources */ = {isa = PBXBuildFile; fileRef = 1406E751196B778000042DF8 /* Icon.png */; };
		1406E756196B778000042DF8 /* refresh.png in Resources */ = {isa = PBXBuildFile; fileRef = 1406E752196B778000042DF8 /* refresh.png */; };
		1406E759196B85C700042DF8 /* Location.m in Sources */ = {isa = PBXBuildFile; fileRef = 1406E758196B85C700042DF8 /* Location.m */; };
		1406E75B196B85EE00042DF8 /* iAd.framework in Frameworks */ = {isa = PBXBuildFile; fileRef = 1406E75A196B85EE00042DF8 /* iAd.framework */; };
		1406E75D196B866900042DF8 /* MapKit.framework in Frameworks */ = {isa = PBXBuildFile; fileRef = 1406E75C196B866900042DF8 /* MapKit.framework */; };
		1406E75F196B8ACE00042DF8 /* AWSSimpleDB.framework in Frameworks */ = {isa = PBXBuildFile; fileRef = 1406E75E196B8ACE00042DF8 /* AWSSimpleDB.framework */; };
		1406E762196B9F8400042DF8 /* MessageRepo.m in Sources */ = {isa = PBXBuildFile; fileRef = 1406E761196B9F8400042DF8 /* MessageRepo.m */; };
		1406E765196BBC4800042DF8 /* MessageTableViewCell.m in Sources */ = {isa = PBXBuildFile; fileRef = 1406E764196BBC4800042DF8 /* MessageTableViewCell.m */; };
		1406E767196BC89600042DF8 /* AWSRuntime.framework in Frameworks */ = {isa = PBXBuildFile; fileRef = 1406E766196BC89600042DF8 /* AWSRuntime.framework */; };
		1406E769196BE95F00042DF8 /* bubble.png in Resources */ = {isa = PBXBuildFile; fileRef = 1406E768196BE95F00042DF8 /* bubble.png */; };
		1406E76B196BE9CB00042DF8 /* location_pointer.png in Resources */ = {isa = PBXBuildFile; fileRef = 1406E76A196BE9CB00042DF8 /* location_pointer.png */; };
		1406E76D196BEA6500042DF8 /* refresh-outlined.png in Resources */ = {isa = PBXBuildFile; fileRef = 1406E76C196BEA6500042DF8 /* refresh-outlined.png */; };
/* End PBXBuildFile section */

/* Begin PBXContainerItemProxy section */
		1406E73C196B751100042DF8 /* PBXContainerItemProxy */ = {
			isa = PBXContainerItemProxy;
			containerPortal = 1406E70B196B751100042DF8 /* Project object */;
			proxyType = 1;
			remoteGlobalIDString = 1406E712196B751100042DF8;
			remoteInfo = wotw;
		};
/* End PBXContainerItemProxy section */

/* Begin PBXFileReference section */
		1406E713196B751100042DF8 /* wotw.app */ = {isa = PBXFileReference; explicitFileType = wrapper.application; includeInIndex = 0; path = wotw.app; sourceTree = BUILT_PRODUCTS_DIR; };
		1406E716196B751100042DF8 /* Foundation.framework */ = {isa = PBXFileReference; lastKnownFileType = wrapper.framework; name = Foundation.framework; path = System/Library/Frameworks/Foundation.framework; sourceTree = SDKROOT; };
		1406E718196B751100042DF8 /* CoreGraphics.framework */ = {isa = PBXFileReference; lastKnownFileType = wrapper.framework; name = CoreGraphics.framework; path = System/Library/Frameworks/CoreGraphics.framework; sourceTree = SDKROOT; };
		1406E71A196B751100042DF8 /* UIKit.framework */ = {isa = PBXFileReference; lastKnownFileType = wrapper.framework; name = UIKit.framework; path = System/Library/Frameworks/UIKit.framework; sourceTree = SDKROOT; };
		1406E71E196B751100042DF8 /* wotw-Info.plist */ = {isa = PBXFileReference; lastKnownFileType = text.plist.xml; path = "wotw-Info.plist"; sourceTree = "<group>"; };
		1406E720196B751100042DF8 /* en */ = {isa = PBXFileReference; lastKnownFileType = text.plist.strings; name = en; path = en.lproj/InfoPlist.strings; sourceTree = "<group>"; };
		1406E722196B751100042DF8 /* main.m */ = {isa = PBXFileReference; lastKnownFileType = sourcecode.c.objc; path = main.m; sourceTree = "<group>"; };
		1406E724196B751100042DF8 /* wotw-Prefix.pch */ = {isa = PBXFileReference; lastKnownFileType = sourcecode.c.h; path = "wotw-Prefix.pch"; sourceTree = "<group>"; };
		1406E725196B751100042DF8 /* AppDelegate.h */ = {isa = PBXFileReference; lastKnownFileType = sourcecode.c.h; path = AppDelegate.h; sourceTree = "<group>"; };
		1406E726196B751100042DF8 /* AppDelegate.m */ = {isa = PBXFileReference; lastKnownFileType = sourcecode.c.objc; path = AppDelegate.m; sourceTree = "<group>"; };
		1406E729196B751100042DF8 /* Base */ = {isa = PBXFileReference; lastKnownFileType = file.storyboard; name = Base; path = Base.lproj/Main.storyboard; sourceTree = "<group>"; };
		1406E72B196B751100042DF8 /* FirstViewController.h */ = {isa = PBXFileReference; lastKnownFileType = sourcecode.c.h; path = FirstViewController.h; sourceTree = "<group>"; };
		1406E72C196B751100042DF8 /* FirstViewController.m */ = {isa = PBXFileReference; lastKnownFileType = sourcecode.c.objc; path = FirstViewController.m; sourceTree = "<group>"; };
		1406E72E196B751100042DF8 /* SecondViewController.h */ = {isa = PBXFileReference; lastKnownFileType = sourcecode.c.h; path = SecondViewController.h; sourceTree = "<group>"; };
		1406E72F196B751100042DF8 /* SecondViewController.m */ = {isa = PBXFileReference; lastKnownFileType = sourcecode.c.objc; path = SecondViewController.m; sourceTree = "<group>"; };
		1406E731196B751100042DF8 /* Images.xcassets */ = {isa = PBXFileReference; lastKnownFileType = folder.assetcatalog; path = Images.xcassets; sourceTree = "<group>"; };
		1406E737196B751100042DF8 /* wotwTests.xctest */ = {isa = PBXFileReference; explicitFileType = wrapper.cfbundle; includeInIndex = 0; path = wotwTests.xctest; sourceTree = BUILT_PRODUCTS_DIR; };
		1406E738196B751100042DF8 /* XCTest.framework */ = {isa = PBXFileReference; lastKnownFileType = wrapper.framework; name = XCTest.framework; path = Library/Frameworks/XCTest.framework; sourceTree = DEVELOPER_DIR; };
		1406E740196B751100042DF8 /* wotwTests-Info.plist */ = {isa = PBXFileReference; lastKnownFileType = text.plist.xml; path = "wotwTests-Info.plist"; sourceTree = "<group>"; };
		1406E742196B751100042DF8 /* en */ = {isa = PBXFileReference; lastKnownFileType = text.plist.strings; name = en; path = en.lproj/InfoPlist.strings; sourceTree = "<group>"; };
		1406E744196B751100042DF8 /* wotwTests.m */ = {isa = PBXFileReference; lastKnownFileType = sourcecode.c.objc; path = wotwTests.m; sourceTree = "<group>"; };
		1406E74F196B778000042DF8 /* brickwall.png */ = {isa = PBXFileReference; lastKnownFileType = image.png; name = brickwall.png; path = media/brickwall.png; sourceTree = "<group>"; };
		1406E750196B778000042DF8 /* defaultMapButton.png */ = {isa = PBXFileReference; lastKnownFileType = image.png; name = defaultMapButton.png; path = media/defaultMapButton.png; sourceTree = "<group>"; };
		1406E751196B778000042DF8 /* Icon.png */ = {isa = PBXFileReference; lastKnownFileType = image.png; name = Icon.png; path = media/Icon.png; sourceTree = "<group>"; };
		1406E752196B778000042DF8 /* refresh.png */ = {isa = PBXFileReference; lastKnownFileType = image.png; name = refresh.png; path = media/refresh.png; sourceTree = "<group>"; };
		1406E757196B85C700042DF8 /* Location.h */ = {isa = PBXFileReference; fileEncoding = 4; lastKnownFileType = sourcecode.c.h; path = Location.h; sourceTree = "<group>"; };
		1406E758196B85C700042DF8 /* Location.m */ = {isa = PBXFileReference; fileEncoding = 4; lastKnownFileType = sourcecode.c.objc; path = Location.m; sourceTree = "<group>"; };
		1406E75A196B85EE00042DF8 /* iAd.framework */ = {isa = PBXFileReference; lastKnownFileType = wrapper.framework; name = iAd.framework; path = System/Library/Frameworks/iAd.framework; sourceTree = SDKROOT; };
		1406E75C196B866900042DF8 /* MapKit.framework */ = {isa = PBXFileReference; lastKnownFileType = wrapper.framework; name = MapKit.framework; path = System/Library/Frameworks/MapKit.framework; sourceTree = SDKROOT; };
		1406E75E196B8ACE00042DF8 /* AWSSimpleDB.framework */ = {isa = PBXFileReference; lastKnownFileType = wrapper.framework; name = AWSSimpleDB.framework; path = "../../src/wotw/apis/aws-ios-sdk-1.7.1/AWSSimpleDB.framework"; sourceTree = "<group>"; };
		1406E760196B9F8400042DF8 /* MessageRepo.h */ = {isa = PBXFileReference; fileEncoding = 4; lastKnownFileType = sourcecode.c.h; path = MessageRepo.h; sourceTree = "<group>"; };
		1406E761196B9F8400042DF8 /* MessageRepo.m */ = {isa = PBXFileReference; fileEncoding = 4; lastKnownFileType = sourcecode.c.objc; path = MessageRepo.m; sourceTree = "<group>"; };
		1406E763196BBC4800042DF8 /* MessageTableViewCell.h */ = {isa = PBXFileReference; fileEncoding = 4; lastKnownFileType = sourcecode.c.h; path = MessageTableViewCell.h; sourceTree = "<group>"; };
		1406E764196BBC4800042DF8 /* MessageTableViewCell.m */ = {isa = PBXFileReference; fileEncoding = 4; lastKnownFileType = sourcecode.c.objc; path = MessageTableViewCell.m; sourceTree = "<group>"; };
		1406E766196BC89600042DF8 /* AWSRuntime.framework */ = {isa = PBXFileReference; lastKnownFileType = wrapper.framework; name = AWSRuntime.framework; path = "../../src/wotw/apis/aws-ios-sdk-1.7.1/AWSRuntime.framework"; sourceTree = "<group>"; };
		1406E768196BE95F00042DF8 /* bubble.png */ = {isa = PBXFileReference; lastKnownFileType = image.png; name = bubble.png; path = media/bubble.png; sourceTree = "<group>"; };
		1406E76A196BE9CB00042DF8 /* location_pointer.png */ = {isa = PBXFileReference; lastKnownFileType = image.png; name = location_pointer.png; path = media/location_pointer.png; sourceTree = "<group>"; };
		1406E76C196BEA6500042DF8 /* refresh-outlined.png */ = {isa = PBXFileReference; lastKnownFileType = image.png; name = "refresh-outlined.png"; path = "media/refresh-outlined.png"; sourceTree = "<group>"; };
/* End PBXFileReference section */

/* Begin PBXFrameworksBuildPhase section */
		1406E710196B751100042DF8 /* Frameworks */ = {
			isa = PBXFrameworksBuildPhase;
			buildActionMask = 2147483647;
			files = (
				1406E767196BC89600042DF8 /* AWSRuntime.framework in Frameworks */,
				1406E75F196B8ACE00042DF8 /* AWSSimpleDB.framework in Frameworks */,
				1406E75D196B866900042DF8 /* MapKit.framework in Frameworks */,
				1406E75B196B85EE00042DF8 /* iAd.framework in Frameworks */,
				1406E719196B751100042DF8 /* CoreGraphics.framework in Frameworks */,
				1406E71B196B751100042DF8 /* UIKit.framework in Frameworks */,
				1406E717196B751100042DF8 /* Foundation.framework in Frameworks */,
			);
			runOnlyForDeploymentPostprocessing = 0;
		};
		1406E734196B751100042DF8 /* Frameworks */ = {
			isa = PBXFrameworksBuildPhase;
			buildActionMask = 2147483647;
			files = (
				1406E739196B751100042DF8 /* XCTest.framework in Frameworks */,
				1406E73B196B751100042DF8 /* UIKit.framework in Frameworks */,
				1406E73A196B751100042DF8 /* Foundation.framework in Frameworks */,
			);
			runOnlyForDeploymentPostprocessing = 0;
		};
/* End PBXFrameworksBuildPhase section */

/* Begin PBXGroup section */
		1406E70A196B751100042DF8 = {
			isa = PBXGroup;
			children = (
				1406E71C196B751100042DF8 /* wotw */,
				1406E73E196B751100042DF8 /* wotwTests */,
				1406E715196B751100042DF8 /* Frameworks */,
				1406E714196B751100042DF8 /* Products */,
			);
			sourceTree = "<group>";
		};
		1406E714196B751100042DF8 /* Products */ = {
			isa = PBXGroup;
			children = (
				1406E713196B751100042DF8 /* wotw.app */,
				1406E737196B751100042DF8 /* wotwTests.xctest */,
			);
			name = Products;
			sourceTree = "<group>";
		};
		1406E715196B751100042DF8 /* Frameworks */ = {
			isa = PBXGroup;
			children = (
				1406E766196BC89600042DF8 /* AWSRuntime.framework */,
				1406E75E196B8ACE00042DF8 /* AWSSimpleDB.framework */,
				1406E75C196B866900042DF8 /* MapKit.framework */,
				1406E75A196B85EE00042DF8 /* iAd.framework */,
				1406E716196B751100042DF8 /* Foundation.framework */,
				1406E718196B751100042DF8 /* CoreGraphics.framework */,
				1406E71A196B751100042DF8 /* UIKit.framework */,
				1406E738196B751100042DF8 /* XCTest.framework */,
			);
			name = Frameworks;
			sourceTree = "<group>";
		};
		1406E71C196B751100042DF8 /* wotw */ = {
			isa = PBXGroup;
			children = (
				1406E763196BBC4800042DF8 /* MessageTableViewCell.h */,
				1406E764196BBC4800042DF8 /* MessageTableViewCell.m */,
				1406E760196B9F8400042DF8 /* MessageRepo.h */,
				1406E761196B9F8400042DF8 /* MessageRepo.m */,
				1406E757196B85C700042DF8 /* Location.h */,
				1406E758196B85C700042DF8 /* Location.m */,
				1406E725196B751100042DF8 /* AppDelegate.h */,
				1406E726196B751100042DF8 /* AppDelegate.m */,
				1406E728196B751100042DF8 /* Main.storyboard */,
				1406E72B196B751100042DF8 /* FirstViewController.h */,
				1406E72C196B751100042DF8 /* FirstViewController.m */,
				1406E72E196B751100042DF8 /* SecondViewController.h */,
				1406E72F196B751100042DF8 /* SecondViewController.m */,
				1406E731196B751100042DF8 /* Images.xcassets */,
				1406E74E196B776600042DF8 /* media */,
				1406E71D196B751100042DF8 /* Supporting Files */,
			);
			path = wotw;
			sourceTree = "<group>";
		};
		1406E71D196B751100042DF8 /* Supporting Files */ = {
			isa = PBXGroup;
			children = (
				1406E71E196B751100042DF8 /* wotw-Info.plist */,
				1406E71F196B751100042DF8 /* InfoPlist.strings */,
				1406E722196B751100042DF8 /* main.m */,
				1406E724196B751100042DF8 /* wotw-Prefix.pch */,
			);
			name = "Supporting Files";
			sourceTree = "<group>";
		};
		1406E73E196B751100042DF8 /* wotwTests */ = {
			isa = PBXGroup;
			children = (
				1406E744196B751100042DF8 /* wotwTests.m */,
				1406E73F196B751100042DF8 /* Supporting Files */,
			);
			path = wotwTests;
			sourceTree = "<group>";
		};
		1406E73F196B751100042DF8 /* Supporting Files */ = {
			isa = PBXGroup;
			children = (
				1406E740196B751100042DF8 /* wotwTests-Info.plist */,
				1406E741196B751100042DF8 /* InfoPlist.strings */,
			);
			name = "Supporting Files";
			sourceTree = "<group>";
		};
		1406E74E196B776600042DF8 /* media */ = {
			isa = PBXGroup;
			children = (
				1406E76C196BEA6500042DF8 /* refresh-outlined.png */,
				1406E76A196BE9CB00042DF8 /* location_pointer.png */,
				1406E768196BE95F00042DF8 /* bubble.png */,
				1406E74F196B778000042DF8 /* brickwall.png */,
				1406E750196B778000042DF8 /* defaultMapButton.png */,
				1406E751196B778000042DF8 /* Icon.png */,
				1406E752196B778000042DF8 /* refresh.png */,
			);
			name = media;
			sourceTree = "<group>";
		};
/* End PBXGroup section */

/* Begin PBXNativeTarget section */
		1406E712196B751100042DF8 /* wotw */ = {
			isa = PBXNativeTarget;
			buildConfigurationList = 1406E748196B751100042DF8 /* Build configuration list for PBXNativeTarget "wotw" */;
			buildPhases = (
				1406E70F196B751100042DF8 /* Sources */,
				1406E710196B751100042DF8 /* Frameworks */,
				1406E711196B751100042DF8 /* Resources */,
			);
			buildRules = (
			);
			dependencies = (
			);
			name = wotw;
			productName = wotw;
			productReference = 1406E713196B751100042DF8 /* wotw.app */;
			productType = "com.apple.product-type.application";
		};
		1406E736196B751100042DF8 /* wotwTests */ = {
			isa = PBXNativeTarget;
			buildConfigurationList = 1406E74B196B751100042DF8 /* Build configuration list for PBXNativeTarget "wotwTests" */;
			buildPhases = (
				1406E733196B751100042DF8 /* Sources */,
				1406E734196B751100042DF8 /* Frameworks */,
				1406E735196B751100042DF8 /* Resources */,
			);
			buildRules = (
			);
			dependencies = (
				1406E73D196B751100042DF8 /* PBXTargetDependency */,
			);
			name = wotwTests;
			productName = wotwTests;
			productReference = 1406E737196B751100042DF8 /* wotwTests.xctest */;
			productType = "com.apple.product-type.bundle.unit-test";
		};
/* End PBXNativeTarget section */

/* Begin PBXProject section */
		1406E70B196B751100042DF8 /* Project object */ = {
			isa = PBXProject;
			attributes = {
				LastUpgradeCheck = 0510;
				ORGANIZATIONNAME = "Rowboat Entertainment";
				TargetAttributes = {
					1406E712196B751100042DF8 = {
						DevelopmentTeam = A2XP5DNQQP;
					};
					1406E736196B751100042DF8 = {
						TestTargetID = 1406E712196B751100042DF8;
					};
				};
			};
			buildConfigurationList = 1406E70E196B751100042DF8 /* Build configuration list for PBXProject "wotw" */;
			compatibilityVersion = "Xcode 3.2";
			developmentRegion = English;
			hasScannedForEncodings = 0;
			knownRegions = (
				en,
				Base,
			);
			mainGroup = 1406E70A196B751100042DF8;
			productRefGroup = 1406E714196B751100042DF8 /* Products */;
			projectDirPath = "";
			projectRoot = "";
			targets = (
				1406E712196B751100042DF8 /* wotw */,
				1406E736196B751100042DF8 /* wotwTests */,
			);
		};
/* End PBXProject section */

/* Begin PBXResourcesBuildPhase section */
		1406E711196B751100042DF8 /* Resources */ = {
			isa = PBXResourcesBuildPhase;
			buildActionMask = 2147483647;
			files = (
				1406E76B196BE9CB00042DF8 /* location_pointer.png in Resources */,
				1406E755196B778000042DF8 /* Icon.png in Resources */,
				1406E769196BE95F00042DF8 /* bubble.png in Resources */,
				1406E732196B751100042DF8 /* Images.xcassets in Resources */,
				1406E754196B778000042DF8 /* defaultMapButton.png in Resources */,
				1406E756196B778000042DF8 /* refresh.png in Resources */,
				1406E721196B751100042DF8 /* InfoPlist.strings in Resources */,
				1406E72A196B751100042DF8 /* Main.storyboard in Resources */,
				1406E753196B778000042DF8 /* brickwall.png in Resources */,
				1406E76D196BEA6500042DF8 /* refresh-outlined.png in Resources */,
			);
			runOnlyForDeploymentPostprocessing = 0;
		};
		1406E735196B751100042DF8 /* Resources */ = {
			isa = PBXResourcesBuildPhase;
			buildActionMask = 2147483647;
			files = (
				1406E743196B751100042DF8 /* InfoPlist.strings in Resources */,
			);
			runOnlyForDeploymentPostprocessing = 0;
		};
/* End PBXResourcesBuildPhase section */

/* Begin PBXSourcesBuildPhase section */
		1406E70F196B751100042DF8 /* Sources */ = {
			isa = PBXSourcesBuildPhase;
			buildActionMask = 2147483647;
			files = (
				1406E730196B751100042DF8 /* SecondViewController.m in Sources */,
				1406E759196B85C700042DF8 /* Location.m in Sources */,
				1406E765196BBC4800042DF8 /* MessageTableViewCell.m in Sources */,
				1406E727196B751100042DF8 /* AppDelegate.m in Sources */,
				1406E762196B9F8400042DF8 /* MessageRepo.m in Sources */,
				1406E72D196B751100042DF8 /* FirstViewController.m in Sources */,
				1406E723196B751100042DF8 /* main.m in Sources */,
			);
			runOnlyForDeploymentPostprocessing = 0;
		};
		1406E733196B751100042DF8 /* Sources */ = {
			isa = PBXSourcesBuildPhase;
			buildActionMask = 2147483647;
			files = (
				1406E745196B751100042DF8 /* wotwTests.m in Sources */,
			);
			runOnlyForDeploymentPostprocessing = 0;
		};
/* End PBXSourcesBuildPhase section */

/* Begin PBXTargetDependency section */
		1406E73D196B751100042DF8 /* PBXTargetDependency */ = {
			isa = PBXTargetDependency;
			target = 1406E712196B751100042DF8 /* wotw */;
			targetProxy = 1406E73C196B751100042DF8 /* PBXContainerItemProxy */;
		};
/* End PBXTargetDependency section */

/* Begin PBXVariantGroup section */
		1406E71F196B751100042DF8 /* InfoPlist.strings */ = {
			isa = PBXVariantGroup;
			children = (
				1406E720196B751100042DF8 /* en */,
			);
			name = InfoPlist.strings;
			sourceTree = "<group>";
		};
		1406E728196B751100042DF8 /* Main.storyboard */ = {
			isa = PBXVariantGroup;
			children = (
				1406E729196B751100042DF8 /* Base */,
			);
			name = Main.storyboard;
			sourceTree = "<group>";
		};
		1406E741196B751100042DF8 /* InfoPlist.strings */ = {
			isa = PBXVariantGroup;
			children = (
				1406E742196B751100042DF8 /* en */,
			);
			name = InfoPlist.strings;
			sourceTree = "<group>";
		};
/* End PBXVariantGroup section */

/* Begin XCBuildConfiguration section */
		1406E746196B751100042DF8 /* Debug */ = {
			isa = XCBuildConfiguration;
			buildSettings = {
				ALWAYS_SEARCH_USER_PATHS = NO;
				CLANG_CXX_LANGUAGE_STANDARD = "gnu++0x";
				CLANG_CXX_LIBRARY = "libc++";
				CLANG_ENABLE_MODULES = YES;
				CLANG_ENABLE_OBJC_ARC = YES;
				CLANG_WARN_BOOL_CONVERSION = YES;
				CLANG_WARN_CONSTANT_CONVERSION = YES;
				CLANG_WARN_DIRECT_OBJC_ISA_USAGE = YES_ERROR;
				CLANG_WARN_EMPTY_BODY = YES;
				CLANG_WARN_ENUM_CONVERSION = YES;
				CLANG_WARN_INT_CONVERSION = YES;
				CLANG_WARN_OBJC_ROOT_CLASS = YES_ERROR;
				CLANG_WARN__DUPLICATE_METHOD_MATCH = YES;
				"CODE_SIGN_IDENTITY[sdk=iphoneos*]" = "iPhone Developer";
				COPY_PHASE_STRIP = NO;
				GCC_C_LANGUAGE_STANDARD = gnu99;
				GCC_DYNAMIC_NO_PIC = NO;
				GCC_OPTIMIZATION_LEVEL = 0;
				GCC_PREPROCESSOR_DEFINITIONS = (
					"DEBUG=1",
					"$(inherited)",
				);
				GCC_SYMBOLS_PRIVATE_EXTERN = NO;
				GCC_WARN_64_TO_32_BIT_CONVERSION = YES;
				GCC_WARN_ABOUT_RETURN_TYPE = YES_ERROR;
				GCC_WARN_UNDECLARED_SELECTOR = YES;
				GCC_WARN_UNINITIALIZED_AUTOS = YES_AGGRESSIVE;
				GCC_WARN_UNUSED_FUNCTION = YES;
				GCC_WARN_UNUSED_VARIABLE = YES;
				IPHONEOS_DEPLOYMENT_TARGET = 7.1;
				ONLY_ACTIVE_ARCH = YES;
				SDKROOT = iphoneos;
			};
			name = Debug;
		};
		1406E747196B751100042DF8 /* Release */ = {
			isa = XCBuildConfiguration;
			buildSettings = {
				ALWAYS_SEARCH_USER_PATHS = NO;
				CLANG_CXX_LANGUAGE_STANDARD = "gnu++0x";
				CLANG_CXX_LIBRARY = "libc++";
				CLANG_ENABLE_MODULES = YES;
				CLANG_ENABLE_OBJC_ARC = YES;
				CLANG_WARN_BOOL_CONVERSION = YES;
				CLANG_WARN_CONSTANT_CONVERSION = YES;
				CLANG_WARN_DIRECT_OBJC_ISA_USAGE = YES_ERROR;
				CLANG_WARN_EMPTY_BODY = YES;
				CLANG_WARN_ENUM_CONVERSION = YES;
				CLANG_WARN_INT_CONVERSION = YES;
				CLANG_WARN_OBJC_ROOT_CLASS = YES_ERROR;
				CLANG_WARN__DUPLICATE_METHOD_MATCH = YES;
				"CODE_SIGN_IDENTITY[sdk=iphoneos*]" = "iPhone Developer";
				COPY_PHASE_STRIP = YES;
				ENABLE_NS_ASSERTIONS = NO;
				GCC_C_LANGUAGE_STANDARD = gnu99;
				GCC_WARN_64_TO_32_BIT_CONVERSION = YES;
				GCC_WARN_ABOUT_RETURN_TYPE = YES_ERROR;
				GCC_WARN_UNDECLARED_SELECTOR = YES;
				GCC_WARN_UNINITIALIZED_AUTOS = YES_AGGRESSIVE;
				GCC_WARN_UNUSED_FUNCTION = YES;
				GCC_WARN_UNUSED_VARIABLE = YES;
				IPHONEOS_DEPLOYMENT_TARGET = 7.1;
				SDKROOT = iphoneos;
				VALIDATE_PRODUCT = YES;
			};
			name = Release;
		};
		1406E749196B751100042DF8 /* Debug */ = {
			isa = XCBuildConfiguration;
			buildSettings = {
				ASSETCATALOG_COMPILER_APPICON_NAME = AppIcon;
				ASSETCATALOG_COMPILER_LAUNCHIMAGE_NAME = LaunchImage;
				CODE_SIGN_IDENTITY = "iPhone Developer";
				"CODE_SIGN_IDENTITY[sdk=iphoneos*]" = "iPhone Developer";
				FRAMEWORK_SEARCH_PATHS = (
					"$(inherited)",
					"/Users/sean/src/wotw/apis/aws-ios-sdk-1.7.1",
				);
				GCC_PRECOMPILE_PREFIX_HEADER = YES;
				GCC_PREFIX_HEADER = "wotw/wotw-Prefix.pch";
				INFOPLIST_FILE = "wotw/wotw-Info.plist";
				IPHONEOS_DEPLOYMENT_TARGET = 7.1;
				PRODUCT_NAME = "$(TARGET_NAME)";
				PROVISIONING_PROFILE = "";
				WRAPPER_EXTENSION = app;
			};
			name = Debug;
		};
		1406E74A196B751100042DF8 /* Release */ = {
			isa = XCBuildConfiguration;
			buildSettings = {
				ASSETCATALOG_COMPILER_APPICON_NAME = AppIcon;
				ASSETCATALOG_COMPILER_LAUNCHIMAGE_NAME = LaunchImage;
				CODE_SIGN_IDENTITY = "iPhone Developer";
				"CODE_SIGN_IDENTITY[sdk=iphoneos*]" = "iPhone Developer";
				FRAMEWORK_SEARCH_PATHS = (
					"$(inherited)",
					"/Users/sean/src/wotw/apis/aws-ios-sdk-1.7.1",
				);
				GCC_PRECOMPILE_PREFIX_HEADER = YES;
				GCC_PREFIX_HEADER = "wotw/wotw-Prefix.pch";
				INFOPLIST_FILE = "wotw/wotw-Info.plist";
				IPHONEOS_DEPLOYMENT_TARGET = 7.1;
				PRODUCT_NAME = "$(TARGET_NAME)";
				PROVISIONING_PROFILE = "";
				WRAPPER_EXTENSION = app;
			};
			name = Release;
		};
		1406E74C196B751100042DF8 /* Debug */ = {
			isa = XCBuildConfiguration;
			buildSettings = {
				BUNDLE_LOADER = "$(BUILT_PRODUCTS_DIR)/wotw.app/wotw";
				FRAMEWORK_SEARCH_PATHS = (
					"$(SDKROOT)/Developer/Library/Frameworks",
					"$(inherited)",
					"$(DEVELOPER_FRAMEWORKS_DIR)",
				);
				GCC_PRECOMPILE_PREFIX_HEADER = YES;
				GCC_PREFIX_HEADER = "wotw/wotw-Prefix.pch";
				GCC_PREPROCESSOR_DEFINITIONS = (
					"DEBUG=1",
					"$(inherited)",
				);
				INFOPLIST_FILE = "wotwTests/wotwTests-Info.plist";
				PRODUCT_NAME = "$(TARGET_NAME)";
				TEST_HOST = "$(BUNDLE_LOADER)";
				WRAPPER_EXTENSION = xctest;
			};
			name = Debug;
		};
		1406E74D196B751100042DF8 /* Release */ = {
			isa = XCBuildConfiguration;
			buildSettings = {
				BUNDLE_LOADER = "$(BUILT_PRODUCTS_DIR)/wotw.app/wotw";
				FRAMEWORK_SEARCH_PATHS = (
					"$(SDKROOT)/Developer/Library/Frameworks",
					"$(inherited)",
					"$(DEVELOPER_FRAMEWORKS_DIR)",
				);
				GCC_PRECOMPILE_PREFIX_HEADER = YES;
				GCC_PREFIX_HEADER = "wotw/wotw-Prefix.pch";
				INFOPLIST_FILE = "wotwTests/wotwTests-Info.plist";
				PRODUCT_NAME = "$(TARGET_NAME)";
				TEST_HOST = "$(BUNDLE_LOADER)";
				WRAPPER_EXTENSION = xctest;
			};
			name = Release;
		};
/* End XCBuildConfiguration section */

/* Begin XCConfigurationList section */
		1406E70E196B751100042DF8 /* Build configuration list for PBXProject "wotw" */ = {
			isa = XCConfigurationList;
			buildConfigurations = (
				1406E746196B751100042DF8 /* Debug */,
				1406E747196B751100042DF8 /* Release */,
			);
			defaultConfigurationIsVisible = 0;
			defaultConfigurationName = Release;
		};
		1406E748196B751100042DF8 /* Build configuration list for PBXNativeTarget "wotw" */ = {
			isa = XCConfigurationList;
			buildConfigurations = (
				1406E749196B751100042DF8 /* Debug */,
				1406E74A196B751100042DF8 /* Release */,
			);
			defaultConfigurationIsVisible = 0;
		};
		1406E74B196B751100042DF8 /* Build configuration list for PBXNativeTarget "wotwTests" */ = {
			isa = XCConfigurationList;
			buildConfigurations = (
				1406E74C196B751100042DF8 /* Debug */,
				1406E74D196B751100042DF8 /* Release */,
			);
			defaultConfigurationIsVisible = 0;
		};
/* End XCConfigurationList section */
	};
	rootObject = 1406E70B196B751100042DF8 /* Project object */;
}
